// !$*UTF8*$!
{
	archiveVersion = 1;
	classes = {
	};
	objectVersion = 46;
	objects = {

/* Begin PBXBuildFile section */
		AF2AFD4E1DE9274000E4352E /* munro.ttf in Resources */ = {isa = PBXBuildFile; fileRef = AF2AFD4D1DE9274000E4352E /* munro.ttf */; };
		AF2AFD501DE929C800E4352E /* thin_pixel-7.ttf in Resources */ = {isa = PBXBuildFile; fileRef = AF2AFD4F1DE929C800E4352E /* thin_pixel-7.ttf */; };
		AF2AFD531DE93DC000E4352E /* PokeCell.swift in Sources */ = {isa = PBXBuildFile; fileRef = AF2AFD521DE93DC000E4352E /* PokeCell.swift */; };
		AFA6C95A1DE2B44F00E551F3 /* AppDelegate.swift in Sources */ = {isa = PBXBuildFile; fileRef = AFA6C9591DE2B44F00E551F3 /* AppDelegate.swift */; };
		AFA6C95C1DE2B44F00E551F3 /* ViewController.swift in Sources */ = {isa = PBXBuildFile; fileRef = AFA6C95B1DE2B44F00E551F3 /* ViewController.swift */; };
		AFA6C95F1DE2B44F00E551F3 /* Main.storyboard in Resources */ = {isa = PBXBuildFile; fileRef = AFA6C95D1DE2B44F00E551F3 /* Main.storyboard */; };
		AFA6C9611DE2B44F00E551F3 /* Assets.xcassets in Resources */ = {isa = PBXBuildFile; fileRef = AFA6C9601DE2B44F00E551F3 /* Assets.xcassets */; };
		AFA6C9641DE2B44F00E551F3 /* LaunchScreen.storyboard in Resources */ = {isa = PBXBuildFile; fileRef = AFA6C9621DE2B44F00E551F3 /* LaunchScreen.storyboard */; };
		AFA6C96C1DE2BF1C00E551F3 /* pokemon.csv in Resources */ = {isa = PBXBuildFile; fileRef = AFA6C96B1DE2BF1C00E551F3 /* pokemon.csv */; };
		AFA6C9701DE2C1CE00E551F3 /* Pokemon.swift in Sources */ = {isa = PBXBuildFile; fileRef = AFA6C96F1DE2C1CE00E551F3 /* Pokemon.swift */; };
		AFC3ABFD1DF3E558007637CE /* csv.swift in Sources */ = {isa = PBXBuildFile; fileRef = AFC3ABFC1DF3E558007637CE /* csv.swift */; };
		AFCAE6911DF7AA7000E730A0 /* PokemonDetailViewController.swift in Sources */ = {isa = PBXBuildFile; fileRef = AFCAE6901DF7AA7000E730A0 /* PokemonDetailViewController.swift */; };
		AFCAE6931DF7BEBB00E730A0 /* CLTypingLabel.swift in Sources */ = {isa = PBXBuildFile; fileRef = AFCAE6921DF7BEBB00E730A0 /* CLTypingLabel.swift */; };
		F51040CB7492EEEE13581233 /* Pods_Pokedex.framework in Frameworks */ = {isa = PBXBuildFile; fileRef = 7B235149F01C607A80EEC9F4 /* Pods_Pokedex.framework */; };
/* End PBXBuildFile section */

/* Begin PBXFileReference section */
		02733E203FD785B8DD37519D /* Pods-Pokedex.debug.xcconfig */ = {isa = PBXFileReference; includeInIndex = 1; lastKnownFileType = text.xcconfig; name = "Pods-Pokedex.debug.xcconfig"; path = "Pods/Target Support Files/Pods-Pokedex/Pods-Pokedex.debug.xcconfig"; sourceTree = "<group>"; };
		570C6D2AADE3B277A771BF8B /* Pods-Pokedex.release.xcconfig */ = {isa = PBXFileReference; includeInIndex = 1; lastKnownFileType = text.xcconfig; name = "Pods-Pokedex.release.xcconfig"; path = "Pods/Target Support Files/Pods-Pokedex/Pods-Pokedex.release.xcconfig"; sourceTree = "<group>"; };
		7B235149F01C607A80EEC9F4 /* Pods_Pokedex.framework */ = {isa = PBXFileReference; explicitFileType = wrapper.framework; includeInIndex = 0; path = Pods_Pokedex.framework; sourceTree = BUILT_PRODUCTS_DIR; };
		AF2AFD4D1DE9274000E4352E /* munro.ttf */ = {isa = PBXFileReference; lastKnownFileType = file; path = munro.ttf; sourceTree = "<group>"; };
		AF2AFD4F1DE929C800E4352E /* thin_pixel-7.ttf */ = {isa = PBXFileReference; lastKnownFileType = file; path = "thin_pixel-7.ttf"; sourceTree = "<group>"; };
		AF2AFD521DE93DC000E4352E /* PokeCell.swift */ = {isa = PBXFileReference; fileEncoding = 4; lastKnownFileType = sourcecode.swift; path = PokeCell.swift; sourceTree = "<group>"; };
		AFA6C9561DE2B44F00E551F3 /* Pokedex.app */ = {isa = PBXFileReference; explicitFileType = wrapper.application; includeInIndex = 0; path = Pokedex.app; sourceTree = BUILT_PRODUCTS_DIR; };
		AFA6C9591DE2B44F00E551F3 /* AppDelegate.swift */ = {isa = PBXFileReference; lastKnownFileType = sourcecode.swift; path = AppDelegate.swift; sourceTree = "<group>"; };
		AFA6C95B1DE2B44F00E551F3 /* ViewController.swift */ = {isa = PBXFileReference; lastKnownFileType = sourcecode.swift; path = ViewController.swift; sourceTree = "<group>"; };
		AFA6C95E1DE2B44F00E551F3 /* Base */ = {isa = PBXFileReference; lastKnownFileType = file.storyboard; name = Base; path = Base.lproj/Main.storyboard; sourceTree = "<group>"; };
		AFA6C9601DE2B44F00E551F3 /* Assets.xcassets */ = {isa = PBXFileReference; lastKnownFileType = folder.assetcatalog; path = Assets.xcassets; sourceTree = "<group>"; };
		AFA6C9631DE2B44F00E551F3 /* Base */ = {isa = PBXFileReference; lastKnownFileType = file.storyboard; name = Base; path = Base.lproj/LaunchScreen.storyboard; sourceTree = "<group>"; };
		AFA6C9651DE2B44F00E551F3 /* Info.plist */ = {isa = PBXFileReference; lastKnownFileType = text.plist.xml; path = Info.plist; sourceTree = "<group>"; };
		AFA6C96B1DE2BF1C00E551F3 /* pokemon.csv */ = {isa = PBXFileReference; fileEncoding = 4; lastKnownFileType = text; path = pokemon.csv; sourceTree = "<group>"; };
		AFA6C96F1DE2C1CE00E551F3 /* Pokemon.swift */ = {isa = PBXFileReference; fileEncoding = 4; lastKnownFileType = sourcecode.swift; path = Pokemon.swift; sourceTree = "<group>"; };
		AFC3ABFC1DF3E558007637CE /* csv.swift */ = {isa = PBXFileReference; fileEncoding = 4; lastKnownFileType = sourcecode.swift; path = csv.swift; sourceTree = "<group>"; };
		AFCAE6901DF7AA7000E730A0 /* PokemonDetailViewController.swift */ = {isa = PBXFileReference; fileEncoding = 4; lastKnownFileType = sourcecode.swift; path = PokemonDetailViewController.swift; sourceTree = "<group>"; };
		AFCAE6921DF7BEBB00E730A0 /* CLTypingLabel.swift */ = {isa = PBXFileReference; fileEncoding = 4; lastKnownFileType = sourcecode.swift; path = CLTypingLabel.swift; sourceTree = "<group>"; };
/* End PBXFileReference section */

/* Begin PBXFrameworksBuildPhase section */
		AFA6C9531DE2B44F00E551F3 /* Frameworks */ = {
			isa = PBXFrameworksBuildPhase;
			buildActionMask = 2147483647;
			files = (
				F51040CB7492EEEE13581233 /* Pods_Pokedex.framework in Frameworks */,
			);
			runOnlyForDeploymentPostprocessing = 0;
		};
/* End PBXFrameworksBuildPhase section */

/* Begin PBXGroup section */
		AF2AFD4C1DE9272E00E4352E /* Fonts */ = {
			isa = PBXGroup;
			children = (
				AF2AFD4D1DE9274000E4352E /* munro.ttf */,
				AF2AFD4F1DE929C800E4352E /* thin_pixel-7.ttf */,
			);
			name = Fonts;
			sourceTree = "<group>";
		};
		AF2AFD511DE93D9C00E4352E /* Views */ = {
			isa = PBXGroup;
			children = (
				AF2AFD521DE93DC000E4352E /* PokeCell.swift */,
			);
			name = Views;
			sourceTree = "<group>";
		};
		AFA6C94D1DE2B44F00E551F3 = {
			isa = PBXGroup;
			children = (
				AFA6C9581DE2B44F00E551F3 /* Pokedex */,
				AFA6C9571DE2B44F00E551F3 /* Products */,
				EE28919959C9B12ADFBAA1F4 /* Pods */,
				DB959B821E03851F531D9365 /* Frameworks */,
			);
			sourceTree = "<group>";
		};
		AFA6C9571DE2B44F00E551F3 /* Products */ = {
			isa = PBXGroup;
			children = (
				AFA6C9561DE2B44F00E551F3 /* Pokedex.app */,
			);
			name = Products;
			sourceTree = "<group>";
		};
		AFA6C9581DE2B44F00E551F3 /* Pokedex */ = {
			isa = PBXGroup;
			children = (
				AFA6C96E1DE2C1C200E551F3 /* Models */,
				AF2AFD511DE93D9C00E4352E /* Views */,
				AFC3ABFE1DF66A1C007637CE /* Controllers */,
				AFC3ABFB1DF3E54C007637CE /* Helpers */,
				AF2AFD4C1DE9272E00E4352E /* Fonts */,
				AFA6C96D1DE2BF2100E551F3 /* Data */,
				AFA6C9591DE2B44F00E551F3 /* AppDelegate.swift */,
				AFA6C95D1DE2B44F00E551F3 /* Main.storyboard */,
				AFA6C9601DE2B44F00E551F3 /* Assets.xcassets */,
				AFA6C9621DE2B44F00E551F3 /* LaunchScreen.storyboard */,
				AFA6C9651DE2B44F00E551F3 /* Info.plist */,
			);
			path = Pokedex;
			sourceTree = "<group>";
		};
		AFA6C96D1DE2BF2100E551F3 /* Data */ = {
			isa = PBXGroup;
			children = (
				AFA6C96B1DE2BF1C00E551F3 /* pokemon.csv */,
			);
			name = Data;
			sourceTree = "<group>";
		};
		AFA6C96E1DE2C1C200E551F3 /* Models */ = {
			isa = PBXGroup;
			children = (
				AFA6C96F1DE2C1CE00E551F3 /* Pokemon.swift */,
			);
			name = Models;
			sourceTree = "<group>";
		};
		AFC3ABFB1DF3E54C007637CE /* Helpers */ = {
			isa = PBXGroup;
			children = (
				AFC3ABFC1DF3E558007637CE /* csv.swift */,
				AFCAE6921DF7BEBB00E730A0 /* CLTypingLabel.swift */,
			);
			name = Helpers;
			sourceTree = "<group>";
		};
		AFC3ABFE1DF66A1C007637CE /* Controllers */ = {
			isa = PBXGroup;
			children = (
				AFA6C95B1DE2B44F00E551F3 /* ViewController.swift */,
				AFCAE6901DF7AA7000E730A0 /* PokemonDetailViewController.swift */,
			);
			name = Controllers;
			sourceTree = "<group>";
		};
		DB959B821E03851F531D9365 /* Frameworks */ = {
			isa = PBXGroup;
			children = (
				7B235149F01C607A80EEC9F4 /* Pods_Pokedex.framework */,
			);
			name = Frameworks;
			sourceTree = "<group>";
		};
		EE28919959C9B12ADFBAA1F4 /* Pods */ = {
			isa = PBXGroup;
			children = (
				02733E203FD785B8DD37519D /* Pods-Pokedex.debug.xcconfig */,
				570C6D2AADE3B277A771BF8B /* Pods-Pokedex.release.xcconfig */,
			);
			name = Pods;
			sourceTree = "<group>";
		};
/* End PBXGroup section */

/* Begin PBXNativeTarget section */
		AFA6C9551DE2B44F00E551F3 /* Pokedex */ = {
			isa = PBXNativeTarget;
			buildConfigurationList = AFA6C9681DE2B44F00E551F3 /* Build configuration list for PBXNativeTarget "Pokedex" */;
			buildPhases = (
				D16FC7C38C33297F8337EEF0 /* [CP] Check Pods Manifest.lock */,
				AFA6C9521DE2B44F00E551F3 /* Sources */,
				AFA6C9531DE2B44F00E551F3 /* Frameworks */,
				AFA6C9541DE2B44F00E551F3 /* Resources */,
				E7D00C92A76A5ED0C56457F5 /* [CP] Embed Pods Frameworks */,
				4F9BBE0D185C6E1582790FCC /* [CP] Copy Pods Resources */,
			);
			buildRules = (
			);
			dependencies = (
			);
			name = Pokedex;
			productName = Pokedex;
			productReference = AFA6C9561DE2B44F00E551F3 /* Pokedex.app */;
			productType = "com.apple.product-type.application";
		};
/* End PBXNativeTarget section */

/* Begin PBXProject section */
		AFA6C94E1DE2B44F00E551F3 /* Project object */ = {
			isa = PBXProject;
			attributes = {
				LastSwiftUpdateCheck = 0810;
				LastUpgradeCheck = 0810;
				ORGANIZATIONNAME = "Student Driver";
				TargetAttributes = {
					AFA6C9551DE2B44F00E551F3 = {
						CreatedOnToolsVersion = 8.1;
						DevelopmentTeam = ND43N89R4B;
						ProvisioningStyle = Automatic;
					};
				};
			};
			buildConfigurationList = AFA6C9511DE2B44F00E551F3 /* Build configuration list for PBXProject "Pokedex" */;
			compatibilityVersion = "Xcode 3.2";
			developmentRegion = English;
			hasScannedForEncodings = 0;
			knownRegions = (
				en,
				Base,
			);
			mainGroup = AFA6C94D1DE2B44F00E551F3;
			productRefGroup = AFA6C9571DE2B44F00E551F3 /* Products */;
			projectDirPath = "";
			projectRoot = "";
			targets = (
				AFA6C9551DE2B44F00E551F3 /* Pokedex */,
			);
		};
/* End PBXProject section */

/* Begin PBXResourcesBuildPhase section */
		AFA6C9541DE2B44F00E551F3 /* Resources */ = {
			isa = PBXResourcesBuildPhase;
			buildActionMask = 2147483647;
			files = (
				AF2AFD501DE929C800E4352E /* thin_pixel-7.ttf in Resources */,
				AFA6C9641DE2B44F00E551F3 /* LaunchScreen.storyboard in Resources */,
				AFA6C9611DE2B44F00E551F3 /* Assets.xcassets in Resources */,
				AF2AFD4E1DE9274000E4352E /* munro.ttf in Resources */,
				AFA6C96C1DE2BF1C00E551F3 /* pokemon.csv in Resources */,
				AFA6C95F1DE2B44F00E551F3 /* Main.storyboard in Resources */,
			);
			runOnlyForDeploymentPostprocessing = 0;
		};
/* End PBXResourcesBuildPhase section */

/* Begin PBXShellScriptBuildPhase section */
		4F9BBE0D185C6E1582790FCC /* [CP] Copy Pods Resources */ = {
			isa = PBXShellScriptBuildPhase;
			buildActionMask = 2147483647;
			files = (
			);
			inputPaths = (
			);
			name = "[CP] Copy Pods Resources";
			outputPaths = (
			);
			runOnlyForDeploymentPostprocessing = 0;
			shellPath = /bin/sh;
			shellScript = "\"${SRCROOT}/Pods/Target Support Files/Pods-Pokedex/Pods-Pokedex-resources.sh\"\n";
			showEnvVarsInLog = 0;
		};
		D16FC7C38C33297F8337EEF0 /* [CP] Check Pods Manifest.lock */ = {
			isa = PBXShellScriptBuildPhase;
			buildActionMask = 2147483647;
			files = (
			);
			inputPaths = (
			);
			name = "[CP] Check Pods Manifest.lock";
			outputPaths = (
			);
			runOnlyForDeploymentPostprocessing = 0;
			shellPath = /bin/sh;
			shellScript = "diff \"${PODS_ROOT}/../Podfile.lock\" \"${PODS_ROOT}/Manifest.lock\" > /dev/null\nif [ $? != 0 ] ; then\n    # print error to STDERR\n    echo \"error: The sandbox is not in sync with the Podfile.lock. Run 'pod install' or update your CocoaPods installation.\" >&2\n    exit 1\nfi\n";
			showEnvVarsInLog = 0;
		};
		E7D00C92A76A5ED0C56457F5 /* [CP] Embed Pods Frameworks */ = {
			isa = PBXShellScriptBuildPhase;
			buildActionMask = 2147483647;
			files = (
			);
			inputPaths = (
			);
			name = "[CP] Embed Pods Frameworks";
			outputPaths = (
			);
			runOnlyForDeploymentPostprocessing = 0;
			shellPath = /bin/sh;
			shellScript = "\"${SRCROOT}/Pods/Target Support Files/Pods-Pokedex/Pods-Pokedex-frameworks.sh\"\n";
			showEnvVarsInLog = 0;
		};
/* End PBXShellScriptBuildPhase section */

/* Begin PBXSourcesBuildPhase section */
		AFA6C9521DE2B44F00E551F3 /* Sources */ = {
			isa = PBXSourcesBuildPhase;
			buildActionMask = 2147483647;
			files = (
				AF2AFD531DE93DC000E4352E /* PokeCell.swift in Sources */,
				AFA6C95C1DE2B44F00E551F3 /* ViewController.swift in Sources */,
				AFA6C95A1DE2B44F00E551F3 /* AppDelegate.swift in Sources */,
				AFCAE6931DF7BEBB00E730A0 /* CLTypingLabel.swift in Sources */,
				AFA6C9701DE2C1CE00E551F3 /* Pokemon.swift in Sources */,
				AFC3ABFD1DF3E558007637CE /* csv.swift in Sources */,
				AFCAE6911DF7AA7000E730A0 /* PokemonDetailViewController.swift in Sources */,
			);
			runOnlyForDeploymentPostprocessing = 0;
		};
/* End PBXSourcesBuildPhase section */

/* Begin PBXVariantGroup section */
		AFA6C95D1DE2B44F00E551F3 /* Main.storyboard */ = {
			isa = PBXVariantGroup;
			children = (
				AFA6C95E1DE2B44F00E551F3 /* Base */,
			);
			name = Main.storyboard;
			sourceTree = "<group>";
		};
		AFA6C9621DE2B44F00E551F3 /* LaunchScreen.storyboard */ = {
			isa = PBXVariantGroup;
			children = (
				AFA6C9631DE2B44F00E551F3 /* Base */,
			);
			name = LaunchScreen.storyboard;
			sourceTree = "<group>";
		};
/* End PBXVariantGroup section */

/* Begin XCBuildConfiguration section */
		AFA6C9661DE2B44F00E551F3 /* Debug */ = {
			isa = XCBuildConfiguration;
			buildSettings = {
				ALWAYS_SEARCH_USER_PATHS = NO;
				CLANG_ANALYZER_NONNULL = YES;
				CLANG_CXX_LANGUAGE_STANDARD = "gnu++0x";
				CLANG_CXX_LIBRARY = "libc++";
				CLANG_ENABLE_MODULES = YES;
				CLANG_ENABLE_OBJC_ARC = YES;
				CLANG_WARN_BOOL_CONVERSION = YES;
				CLANG_WARN_CONSTANT_CONVERSION = YES;
				CLANG_WARN_DIRECT_OBJC_ISA_USAGE = YES_ERROR;
				CLANG_WARN_DOCUMENTATION_COMMENTS = YES;
				CLANG_WARN_EMPTY_BODY = YES;
				CLANG_WARN_ENUM_CONVERSION = YES;
				CLANG_WARN_INFINITE_RECURSION = YES;
				CLANG_WARN_INT_CONVERSION = YES;
				CLANG_WARN_OBJC_ROOT_CLASS = YES_ERROR;
				CLANG_WARN_SUSPICIOUS_MOVES = YES;
				CLANG_WARN_UNREACHABLE_CODE = YES;
				CLANG_WARN__DUPLICATE_METHOD_MATCH = YES;
				"CODE_SIGN_IDENTITY[sdk=iphoneos*]" = "iPhone Developer";
				COPY_PHASE_STRIP = NO;
				DEBUG_INFORMATION_FORMAT = dwarf;
				ENABLE_STRICT_OBJC_MSGSEND = YES;
				ENABLE_TESTABILITY = YES;
				GCC_C_LANGUAGE_STANDARD = gnu99;
				GCC_DYNAMIC_NO_PIC = NO;
				GCC_NO_COMMON_BLOCKS = YES;
				GCC_OPTIMIZATION_LEVEL = 0;
				GCC_PREPROCESSOR_DEFINITIONS = (
					"DEBUG=1",
					"$(inherited)",
				);
				GCC_WARN_64_TO_32_BIT_CONVERSION = YES;
				GCC_WARN_ABOUT_RETURN_TYPE = YES_ERROR;
				GCC_WARN_UNDECLARED_SELECTOR = YES;
				GCC_WARN_UNINITIALIZED_AUTOS = YES_AGGRESSIVE;
				GCC_WARN_UNUSED_FUNCTION = YES;
				GCC_WARN_UNUSED_VARIABLE = YES;
				IPHONEOS_DEPLOYMENT_TARGET = 10.1;
				MTL_ENABLE_DEBUG_INFO = YES;
				ONLY_ACTIVE_ARCH = YES;
				SDKROOT = iphoneos;
				SWIFT_ACTIVE_COMPILATION_CONDITIONS = DEBUG;
				SWIFT_OPTIMIZATION_LEVEL = "-Onone";
			};
			name = Debug;
		};
		AFA6C9671DE2B44F00E551F3 /* Release */ = {
			isa = XCBuildConfiguration;
			buildSettings = {
				ALWAYS_SEARCH_USER_PATHS = NO;
				CLANG_ANALYZER_NONNULL = YES;
				CLANG_CXX_LANGUAGE_STANDARD = "gnu++0x";
				CLANG_CXX_LIBRARY = "libc++";
				CLANG_ENABLE_MODULES = YES;
				CLANG_ENABLE_OBJC_ARC = YES;
				CLANG_WARN_BOOL_CONVERSION = YES;
				CLANG_WARN_CONSTANT_CONVERSION = YES;
				CLANG_WARN_DIRECT_OBJC_ISA_USAGE = YES_ERROR;
				CLANG_WARN_DOCUMENTATION_COMMENTS = YES;
				CLANG_WARN_EMPTY_BODY = YES;
				CLANG_WARN_ENUM_CONVERSION = YES;
				CLANG_WARN_INFINITE_RECURSION = YES;
				CLANG_WARN_INT_CONVERSION = YES;
				CLANG_WARN_OBJC_ROOT_CLASS = YES_ERROR;
				CLANG_WARN_SUSPICIOUS_MOVES = YES;
				CLANG_WARN_UNREACHABLE_CODE = YES;
				CLANG_WARN__DUPLICATE_METHOD_MATCH = YES;
				"CODE_SIGN_IDENTITY[sdk=iphoneos*]" = "iPhone Developer";
				COPY_PHASE_STRIP = NO;
				DEBUG_INFORMATION_FORMAT = "dwarf-with-dsym";
				ENABLE_NS_ASSERTIONS = NO;
				ENABLE_STRICT_OBJC_MSGSEND = YES;
				GCC_C_LANGUAGE_STANDARD = gnu99;
				GCC_NO_COMMON_BLOCKS = YES;
				GCC_WARN_64_TO_32_BIT_CONVERSION = YES;
				GCC_WARN_ABOUT_RETURN_TYPE = YES_ERROR;
				GCC_WARN_UNDECLARED_SELECTOR = YES;
				GCC_WARN_UNINITIALIZED_AUTOS = YES_AGGRESSIVE;
				GCC_WARN_UNUSED_FUNCTION = YES;
				GCC_WARN_UNUSED_VARIABLE = YES;
				IPHONEOS_DEPLOYMENT_TARGET = 10.1;
				MTL_ENABLE_DEBUG_INFO = NO;
				SDKROOT = iphoneos;
				SWIFT_OPTIMIZATION_LEVEL = "-Owholemodule";
				VALIDATE_PRODUCT = YES;
			};
			name = Release;
		};
		AFA6C9691DE2B44F00E551F3 /* Debug */ = {
			isa = XCBuildConfiguration;
			baseConfigurationReference = 02733E203FD785B8DD37519D /* Pods-Pokedex.debug.xcconfig */;
			buildSettings = {
				ASSETCATALOG_COMPILER_APPICON_NAME = AppIcon;
				DEVELOPMENT_TEAM = ND43N89R4B;
				INFOPLIST_FILE = Pokedex/Info.plist;
				LD_RUNPATH_SEARCH_PATHS = "$(inherited) @executable_path/Frameworks";
				PRODUCT_BUNDLE_IDENTIFIER = io.studentdriver.Pokedex;
				PRODUCT_NAME = "$(TARGET_NAME)";
				SWIFT_VERSION = 3.0;
			};
			name = Debug;
		};
		AFA6C96A1DE2B44F00E551F3 /* Release */ = {
			isa = XCBuildConfiguration;
			baseConfigurationReference = 570C6D2AADE3B277A771BF8B /* Pods-Pokedex.release.xcconfig */;
			buildSettings = {
				ASSETCATALOG_COMPILER_APPICON_NAME = AppIcon;
				DEVELOPMENT_TEAM = ND43N89R4B;
				INFOPLIST_FILE = Pokedex/Info.plist;
				LD_RUNPATH_SEARCH_PATHS = "$(inherited) @executable_path/Frameworks";
				PRODUCT_BUNDLE_IDENTIFIER = io.studentdriver.Pokedex;
				PRODUCT_NAME = "$(TARGET_NAME)";
				SWIFT_VERSION = 3.0;
			};
			name = Release;
		};
/* End XCBuildConfiguration section */

/* Begin XCConfigurationList section */
		AFA6C9511DE2B44F00E551F3 /* Build configuration list for PBXProject "Pokedex" */ = {
			isa = XCConfigurationList;
			buildConfigurations = (
				AFA6C9661DE2B44F00E551F3 /* Debug */,
				AFA6C9671DE2B44F00E551F3 /* Release */,
			);
			defaultConfigurationIsVisible = 0;
			defaultConfigurationName = Release;
		};
		AFA6C9681DE2B44F00E551F3 /* Build configuration list for PBXNativeTarget "Pokedex" */ = {
			isa = XCConfigurationList;
			buildConfigurations = (
				AFA6C9691DE2B44F00E551F3 /* Debug */,
				AFA6C96A1DE2B44F00E551F3 /* Release */,
			);
			defaultConfigurationIsVisible = 0;
			defaultConfigurationName = Release;
		};
/* End XCConfigurationList section */
	};
	rootObject = AFA6C94E1DE2B44F00E551F3 /* Project object */;
}
